
Microsoft Visual Studio Solution File, Format Version 12.00
# Visual Studio Version 16
VisualStudioVersion = 16.0.31424.327
MinimumVisualStudioVersion = 10.0.40219.1
Project("{FAE04EC0-301F-11D3-BF4B-00C04F79EFBC}") = "MS2", "MS2\MS2.csproj", "{1F7861AD-EEFB-4406-9DB9-18DEE1182F5E}"
EndProject
Global
	GlobalSection(SolutionConfigurationPlatforms) = preSolution
		Debug|Any CPU = Debug|Any CPU
		Release|Any CPU = Release|Any CPU
	EndGlobalSection
	GlobalSection(ProjectConfigurationPlatforms) = postSolution
		{1F7861AD-EEFB-4406-9DB9-18DEE1182F5E}.Debug|Any CPU.ActiveCfg = Debug|Any CPU
		{1F7861AD-EEFB-4406-9DB9-18DEE1182F5E}.Debug|Any CPU.Build.0 = Debug|Any CPU
		{1F7861AD-EEFB-4406-9DB9-18DEE1182F5E}.Release|Any CPU.ActiveCfg = Release|Any CPU
		{1F7861AD-EEFB-4406-9DB9-18DEE1182F5E}.Release|Any CPU.Build.0 = Release|Any CPU
	EndGlobalSection
	GlobalSection(SolutionProperties) = preSolution
		HideSolutionNode = FALSE
	EndGlobalSection
	GlobalSection(ExtensibilityGlobals) = postSolution
		SolutionGuid = {2BEFF00D-DF1B-4E76-BDAA-CCA745896078}
	EndGlobalSection
EndGlobal
